
Microsoft Visual Studio Solution File, Format Version 12.00
# Visual Studio Version 17
VisualStudioVersion = 17.2.32516.85
MinimumVisualStudioVersion = 10.0.40219.1
Project("{2150E333-8FDC-42A3-9474-1A3956D46DE8}") = "Tools", "Tools", "{4DED7449-95DB-43CC-9811-B81847DD6FE3}"
EndProject
Project("{9A19103F-16F7-4668-BE54-9A1E7A4F7556}") = "PacketGenerator", "PacketGenerator\PacketGenerator.csproj", "{0998153A-84EF-45D5-A8CD-B3DE3598B8AF}"
EndProject
Project("{FAE04EC0-301F-11D3-BF4B-00C04F79EFBC}") = "Server", "Server\Server.csproj", "{C719BC42-3685-4A9C-9945-B446D05502E0}"
EndProject
Project("{FAE04EC0-301F-11D3-BF4B-00C04F79EFBC}") = "ServerCore", "ServerCore\ServerCore.csproj", "{4185CF9A-2F5C-4294-99D9-49B7ED60BF6F}"
EndProject
Project("{FAE04EC0-301F-11D3-BF4B-00C04F79EFBC}") = "Client", "Client\Client.csproj", "{225E1F9F-2DA6-42CE-A6D4-5E162D0F48B0}"
EndProject
Global
	GlobalSection(SolutionConfigurationPlatforms) = preSolution
		Debug|Any CPU = Debug|Any CPU
		Release|Any CPU = Release|Any CPU
	EndGlobalSection
	GlobalSection(ProjectConfigurationPlatforms) = postSolution
		{0998153A-84EF-45D5-A8CD-B3DE3598B8AF}.Debug|Any CPU.ActiveCfg = Debug|Any CPU
		{0998153A-84EF-45D5-A8CD-B3DE3598B8AF}.Debug|Any CPU.Build.0 = Debug|Any CPU
		{0998153A-84EF-45D5-A8CD-B3DE3598B8AF}.Release|Any CPU.ActiveCfg = Release|Any CPU
		{0998153A-84EF-45D5-A8CD-B3DE3598B8AF}.Release|Any CPU.Build.0 = Release|Any CPU
		{C719BC42-3685-4A9C-9945-B446D05502E0}.Debug|Any CPU.ActiveCfg = Debug|Any CPU
		{C719BC42-3685-4A9C-9945-B446D05502E0}.Debug|Any CPU.Build.0 = Debug|Any CPU
		{C719BC42-3685-4A9C-9945-B446D05502E0}.Release|Any CPU.ActiveCfg = Release|Any CPU
		{C719BC42-3685-4A9C-9945-B446D05502E0}.Release|Any CPU.Build.0 = Release|Any CPU
		{4185CF9A-2F5C-4294-99D9-49B7ED60BF6F}.Debug|Any CPU.ActiveCfg = Debug|Any CPU
		{4185CF9A-2F5C-4294-99D9-49B7ED60BF6F}.Debug|Any CPU.Build.0 = Debug|Any CPU
		{4185CF9A-2F5C-4294-99D9-49B7ED60BF6F}.Release|Any CPU.ActiveCfg = Release|Any CPU
		{4185CF9A-2F5C-4294-99D9-49B7ED60BF6F}.Release|Any CPU.Build.0 = Release|Any CPU
		{225E1F9F-2DA6-42CE-A6D4-5E162D0F48B0}.Debug|Any CPU.ActiveCfg = Debug|Any CPU
		{225E1F9F-2DA6-42CE-A6D4-5E162D0F48B0}.Debug|Any CPU.Build.0 = Debug|Any CPU
		{225E1F9F-2DA6-42CE-A6D4-5E162D0F48B0}.Release|Any CPU.ActiveCfg = Release|Any CPU
		{225E1F9F-2DA6-42CE-A6D4-5E162D0F48B0}.Release|Any CPU.Build.0 = Release|Any CPU
	EndGlobalSection
	GlobalSection(SolutionProperties) = preSolution
		HideSolutionNode = FALSE
	EndGlobalSection
	GlobalSection(NestedProjects) = preSolution
		{0998153A-84EF-45D5-A8CD-B3DE3598B8AF} = {4DED7449-95DB-43CC-9811-B81847DD6FE3}
	EndGlobalSection
	GlobalSection(ExtensibilityGlobals) = postSolution
		SolutionGuid = {980AD635-6048-4D39-954A-D285242DD3D4}
	EndGlobalSection
EndGlobal
